
Microsoft Visual Studio Solution File, Format Version 12.00
# Visual Studio 15
VisualStudioVersion = 15.0.28307.779
MinimumVisualStudioVersion = 10.0.40219.1
Project("{FAE04EC0-301F-11D3-BF4B-00C04F79EFBC}") = "ConsoleAppDemo", "ConsoleAppDemo\ConsoleAppDemo.csproj", "{997A5BFD-7632-4545-A162-C350FF5B50C3}"
EndProject
Project("{FAE04EC0-301F-11D3-BF4B-00C04F79EFBC}") = "JsonClassGeneratorLib", "JsonCSharpClassGeneratorLib\JsonClassGeneratorLib.csproj", "{7BEF7EAA-DE37-40FB-BD33-3DEF0685031F}"
EndProject
Global
	GlobalSection(SolutionConfigurationPlatforms) = preSolution
		Debug|Any CPU = Debug|Any CPU
		Release|Any CPU = Release|Any CPU
	EndGlobalSection
	GlobalSection(ProjectConfigurationPlatforms) = postSolution
		{997A5BFD-7632-4545-A162-C350FF5B50C3}.Debug|Any CPU.ActiveCfg = Debug|Any CPU
		{997A5BFD-7632-4545-A162-C350FF5B50C3}.Debug|Any CPU.Build.0 = Debug|Any CPU
		{997A5BFD-7632-4545-A162-C350FF5B50C3}.Release|Any CPU.ActiveCfg = Release|Any CPU
		{997A5BFD-7632-4545-A162-C350FF5B50C3}.Release|Any CPU.Build.0 = Release|Any CPU
		{7BEF7EAA-DE37-40FB-BD33-3DEF0685031F}.Debug|Any CPU.ActiveCfg = Debug|Any CPU
		{7BEF7EAA-DE37-40FB-BD33-3DEF0685031F}.Debug|Any CPU.Build.0 = Debug|Any CPU
		{7BEF7EAA-DE37-40FB-BD33-3DEF0685031F}.Release|Any CPU.ActiveCfg = Release|Any CPU
		{7BEF7EAA-DE37-40FB-BD33-3DEF0685031F}.Release|Any CPU.Build.0 = Release|Any CPU
	EndGlobalSection
	GlobalSection(SolutionProperties) = preSolution
		HideSolutionNode = FALSE
	EndGlobalSection
	GlobalSection(ExtensibilityGlobals) = postSolution
		SolutionGuid = {F7F25438-88E0-49D6-B37A-173165C8CD22}
	EndGlobalSection
EndGlobal
